// !$*UTF8*$!
{
	archiveVersion = 1;
	classes = {
	};
	objectVersion = 56;
	objects = {

/* Begin PBXBuildFile section */
		CC40CE072DEC902E00001C7E /* TaskDetailPage.swift in Sources */ = {isa = PBXBuildFile; fileRef = CC40CE062DEC902E00001C7E /* TaskDetailPage.swift */; };
		CC40CE092DEC95C700001C7E /* MockDataService.swift in Sources */ = {isa = PBXBuildFile; fileRef = CC40CE082DEC95C700001C7E /* MockDataService.swift */; };
		CC40CE0B2E29411800001C7E /* Settings.swift in Sources */ = {isa = PBXBuildFile; fileRef = CC40CE0A2E29411800001C7E /* Settings.swift */; };
		CC40CE0D2E29436B00001C7E /* SettingsView.swift in Sources */ = {isa = PBXBuildFile; fileRef = CC40CE0C2E29436B00001C7E /* SettingsView.swift */; };
		CC62A43D2DD522D40092D76E /* iTrackWorkOutApp.swift in Sources */ = {isa = PBXBuildFile; fileRef = CC62A43C2DD522D40092D76E /* iTrackWorkOutApp.swift */; };
		CC62A43F2DD522D40092D76E /* ContentView.swift in Sources */ = {isa = PBXBuildFile; fileRef = CC62A43E2DD522D40092D76E /* ContentView.swift */; };
		CC62A4412DD522D60092D76E /* Assets.xcassets in Resources */ = {isa = PBXBuildFile; fileRef = CC62A4402DD522D60092D76E /* Assets.xcassets */; };
		CC62A4442DD522D60092D76E /* Preview Assets.xcassets in Resources */ = {isa = PBXBuildFile; fileRef = CC62A4432DD522D60092D76E /* Preview Assets.xcassets */; };
		CC62A44C2DD524940092D76E /* FirebaseAnalytics in Frameworks */ = {isa = PBXBuildFile; productRef = CC62A44B2DD524940092D76E /* FirebaseAnalytics */; };
		CC62A44E2DD524940092D76E /* FirebaseAuth in Frameworks */ = {isa = PBXBuildFile; productRef = CC62A44D2DD524940092D76E /* FirebaseAuth */; };
		CC62A4502DD524940092D76E /* FirebaseFirestore in Frameworks */ = {isa = PBXBuildFile; productRef = CC62A44F2DD524940092D76E /* FirebaseFirestore */; };
		CC62A45D2DD8DF090092D76E /* AuthService.swift in Sources */ = {isa = PBXBuildFile; fileRef = CC62A45C2DD8DF090092D76E /* AuthService.swift */; };
		CC62A4602DD8E2AF0092D76E /* GoogleSignIn in Frameworks */ = {isa = PBXBuildFile; productRef = CC62A45F2DD8E2AF0092D76E /* GoogleSignIn */; };
		CC62A4622DD8E2AF0092D76E /* GoogleSignInSwift in Frameworks */ = {isa = PBXBuildFile; productRef = CC62A4612DD8E2AF0092D76E /* GoogleSignInSwift */; };
		CC62A4692DDE37A60092D76E /* ProjectsView.swift in Sources */ = {isa = PBXBuildFile; fileRef = CC62A4682DDE37A60092D76E /* ProjectsView.swift */; };
		CC62A46C2DDF81D50092D76E /* Project.swift in Sources */ = {isa = PBXBuildFile; fileRef = CC62A46B2DDF81D40092D76E /* Project.swift */; };
		CC62A46E2DDF85530092D76E /* ExerciseCell.swift in Sources */ = {isa = PBXBuildFile; fileRef = CC62A46D2DDF85530092D76E /* ExerciseCell.swift */; };
		CC62A4702DDF85A50092D76E /* ProjectContentView.swift in Sources */ = {isa = PBXBuildFile; fileRef = CC62A46F2DDF85A50092D76E /* ProjectContentView.swift */; };
		CC62A4722DDF86350092D76E /* ProjectTaskDetailView.swift in Sources */ = {isa = PBXBuildFile; fileRef = CC62A4712DDF86350092D76E /* ProjectTaskDetailView.swift */; };
		CC62A4762DEB37EC0092D76E /* SignInView.swift in Sources */ = {isa = PBXBuildFile; fileRef = CC62A4752DEB37EC0092D76E /* SignInView.swift */; };
		CC62A4782DEB3B700092D76E /* GoogleService-Info.plist in Resources */ = {isa = PBXBuildFile; fileRef = CC62A4772DEB3B700092D76E /* GoogleService-Info.plist */; };
		CC62A4802DF459320092D76E /* Stopwatch.swift in Sources */ = {isa = PBXBuildFile; fileRef = CC62A47F2DF459320092D76E /* Stopwatch.swift */; };
		CC62A4822DF45B1F0092D76E /* StopwatchData.swift in Sources */ = {isa = PBXBuildFile; fileRef = CC62A4812DF45B1F0092D76E /* StopwatchData.swift */; };
		CC62A4842DF45B1F0092D76E /* CalendarView.swift in Sources */ = {isa = PBXBuildFile; fileRef = CC62A4832DF45B1F0092D76E /* CalendarView.swift */; };
		CCB2AF3A2E33DA5700423DEB /* NewExerciseView.swift in Sources */ = {isa = PBXBuildFile; fileRef = CCB2AF392E33DA5700423DEB /* NewExerciseView.swift */; };
		CCB2AF422E342F9500423DEB /* NewTaskView.swift in Sources */ = {isa = PBXBuildFile; fileRef = CCB2AF412E342F9500423DEB /* NewTaskView.swift */; };
		CCB2AF442E34301900423DEB /* TagChoice.swift in Sources */ = {isa = PBXBuildFile; fileRef = CCB2AF432E34301900423DEB /* TagChoice.swift */; };
		CCB2AF462E34306A00423DEB /* RepeatDaysChoice.swift in Sources */ = {isa = PBXBuildFile; fileRef = CCB2AF452E34306A00423DEB /* RepeatDaysChoice.swift */; };
		CCB2AF492E34EC3D00423DEB /* FirebaseFirestoreSwift in Frameworks */ = {isa = PBXBuildFile; productRef = CCB2AF482E34EC3D00423DEB /* FirebaseFirestoreSwift */; };
/* End PBXBuildFile section */

/* Begin PBXFileReference section */
		CC40CE062DEC902E00001C7E /* TaskDetailPage.swift */ = {isa = PBXFileReference; lastKnownFileType = sourcecode.swift; path = TaskDetailPage.swift; sourceTree = "<group>"; };
		CC40CE082DEC95C700001C7E /* MockDataService.swift */ = {isa = PBXFileReference; lastKnownFileType = sourcecode.swift; path = MockDataService.swift; sourceTree = "<group>"; };
		CC40CE0A2E29411800001C7E /* Settings.swift */ = {isa = PBXFileReference; lastKnownFileType = sourcecode.swift; path = Settings.swift; sourceTree = "<group>"; };
		CC40CE0C2E29436B00001C7E /* SettingsView.swift */ = {isa = PBXFileReference; lastKnownFileType = sourcecode.swift; path = SettingsView.swift; sourceTree = "<group>"; };
		CC62A4392DD522D40092D76E /* iTrackWorkOut-1.app */ = {isa = PBXFileReference; explicitFileType = wrapper.application; includeInIndex = 0; path = "iTrackWorkOut-1.app"; sourceTree = BUILT_PRODUCTS_DIR; };
		CC62A43C2DD522D40092D76E /* iTrackWorkOutApp.swift */ = {isa = PBXFileReference; lastKnownFileType = sourcecode.swift; path = iTrackWorkOutApp.swift; sourceTree = "<group>"; };
		CC62A43E2DD522D40092D76E /* ContentView.swift */ = {isa = PBXFileReference; lastKnownFileType = sourcecode.swift; path = ContentView.swift; sourceTree = "<group>"; };
		CC62A4402DD522D60092D76E /* Assets.xcassets */ = {isa = PBXFileReference; lastKnownFileType = folder.assetcatalog; path = Assets.xcassets; sourceTree = "<group>"; };
		CC62A4432DD522D60092D76E /* Preview Assets.xcassets */ = {isa = PBXFileReference; lastKnownFileType = folder.assetcatalog; path = "Preview Assets.xcassets"; sourceTree = "<group>"; };
		CC62A45C2DD8DF090092D76E /* AuthService.swift */ = {isa = PBXFileReference; lastKnownFileType = sourcecode.swift; path = AuthService.swift; sourceTree = "<group>"; };
		CC62A4682DDE37A60092D76E /* ProjectsView.swift */ = {isa = PBXFileReference; lastKnownFileType = sourcecode.swift; path = ProjectsView.swift; sourceTree = "<group>"; };
		CC62A46B2DDF81D40092D76E /* Project.swift */ = {isa = PBXFileReference; lastKnownFileType = sourcecode.swift; path = Project.swift; sourceTree = "<group>"; };
		CC62A46D2DDF85530092D76E /* ExerciseCell.swift */ = {isa = PBXFileReference; lastKnownFileType = sourcecode.swift; path = ExerciseCell.swift; sourceTree = "<group>"; };
		CC62A46F2DDF85A50092D76E /* ProjectContentView.swift */ = {isa = PBXFileReference; lastKnownFileType = sourcecode.swift; path = ProjectContentView.swift; sourceTree = "<group>"; };
		CC62A4712DDF86350092D76E /* ProjectTaskDetailView.swift */ = {isa = PBXFileReference; lastKnownFileType = sourcecode.swift; path = ProjectTaskDetailView.swift; sourceTree = "<group>"; };
		CC62A4752DEB37EC0092D76E /* SignInView.swift */ = {isa = PBXFileReference; lastKnownFileType = sourcecode.swift; path = SignInView.swift; sourceTree = "<group>"; };
		CC62A4772DEB3B700092D76E /* GoogleService-Info.plist */ = {isa = PBXFileReference; fileEncoding = 4; lastKnownFileType = text.plist.xml; path = "GoogleService-Info.plist"; sourceTree = "<group>"; };
		CC62A47D2DEB4EDF0092D76E /* Info.plist */ = {isa = PBXFileReference; fileEncoding = 4; lastKnownFileType = text.plist.xml; path = Info.plist; sourceTree = "<group>"; };
		CC62A47F2DF459320092D76E /* Stopwatch.swift */ = {isa = PBXFileReference; lastKnownFileType = sourcecode.swift; path = Stopwatch.swift; sourceTree = "<group>"; };
		CC62A4812DF45B1F0092D76E /* StopwatchData.swift */ = {isa = PBXFileReference; lastKnownFileType = sourcecode.swift; path = StopwatchData.swift; sourceTree = "<group>"; };
		CC62A4832DF45B1F0092D76E /* CalendarView.swift */ = {isa = PBXFileReference; lastKnownFileType = sourcecode.swift; path = CalendarView.swift; sourceTree = "<group>"; };
		CCB2AF392E33DA5700423DEB /* NewExerciseView.swift */ = {isa = PBXFileReference; lastKnownFileType = sourcecode.swift; path = NewExerciseView.swift; sourceTree = "<group>"; };
		CCB2AF412E342F9500423DEB /* NewTaskView.swift */ = {isa = PBXFileReference; lastKnownFileType = sourcecode.swift; path = NewTaskView.swift; sourceTree = "<group>"; };
		CCB2AF432E34301900423DEB /* TagChoice.swift */ = {isa = PBXFileReference; lastKnownFileType = sourcecode.swift; path = TagChoice.swift; sourceTree = "<group>"; };
		CCB2AF452E34306A00423DEB /* RepeatDaysChoice.swift */ = {isa = PBXFileReference; lastKnownFileType = sourcecode.swift; path = RepeatDaysChoice.swift; sourceTree = "<group>"; };
/* End PBXFileReference section */

/* Begin PBXFrameworksBuildPhase section */
		CC62A4362DD522D40092D76E /* Frameworks */ = {
			isa = PBXFrameworksBuildPhase;
			buildActionMask = 2147483647;
			files = (
				CC62A4622DD8E2AF0092D76E /* GoogleSignInSwift in Frameworks */,
				CC62A44C2DD524940092D76E /* FirebaseAnalytics in Frameworks */,
				CC62A4602DD8E2AF0092D76E /* GoogleSignIn in Frameworks */,
				CC62A44E2DD524940092D76E /* FirebaseAuth in Frameworks */,
				CC62A4502DD524940092D76E /* FirebaseFirestore in Frameworks */,
				CCB2AF492E34EC3D00423DEB /* FirebaseFirestoreSwift in Frameworks */,
			);
			runOnlyForDeploymentPostprocessing = 0;
		};
/* End PBXFrameworksBuildPhase section */

/* Begin PBXGroup section */
		CC62A4302DD522D40092D76E = {
			isa = PBXGroup;
			children = (
				CC62A43B2DD522D40092D76E /* iTrackWorkOut-1 */,
				CC62A43A2DD522D40092D76E /* Products */,
				CCB2AF472E34EC3D00423DEB /* Frameworks */,
			);
			sourceTree = "<group>";
		};
		CC62A43A2DD522D40092D76E /* Products */ = {
			isa = PBXGroup;
			children = (
				CC62A4392DD522D40092D76E /* iTrackWorkOut-1.app */,
			);
			name = Products;
			sourceTree = "<group>";
		};
		CC62A43B2DD522D40092D76E /* iTrackWorkOut-1 */ = {
			isa = PBXGroup;
			children = (
				CC62A47D2DEB4EDF0092D76E /* Info.plist */,
				CC62A4772DEB3B700092D76E /* GoogleService-Info.plist */,
				CC62A46A2DDF81B30092D76E /* Models */,
				CC62A4632DDD16190092D76E /* ProjectsView */,
				CC62A45B2DD8DEF00092D76E /* Services */,
				CC62A43C2DD522D40092D76E /* iTrackWorkOutApp.swift */,
				CC62A43E2DD522D40092D76E /* ContentView.swift */,
				CC62A4402DD522D60092D76E /* Assets.xcassets */,
				CC62A4422DD522D60092D76E /* Preview Content */,
				CC62A4752DEB37EC0092D76E /* SignInView.swift */,
				CC40CE0C2E29436B00001C7E /* SettingsView.swift */,
				CC62A47F2DF459320092D76E /* Stopwatch.swift */,
			);
			path = "iTrackWorkOut-1";
			sourceTree = "<group>";
		};
		CC62A4422DD522D60092D76E /* Preview Content */ = {
			isa = PBXGroup;
			children = (
				CC62A4432DD522D60092D76E /* Preview Assets.xcassets */,
			);
			path = "Preview Content";
			sourceTree = "<group>";
		};
		CC62A45B2DD8DEF00092D76E /* Services */ = {
			isa = PBXGroup;
			children = (
				CC62A45C2DD8DF090092D76E /* AuthService.swift */,
				CC40CE082DEC95C700001C7E /* MockDataService.swift */,
			);
			path = Services;
			sourceTree = "<group>";
		};
		CC62A4632DDD16190092D76E /* ProjectsView */ = {
			isa = PBXGroup;
			children = (
				CC62A4682DDE37A60092D76E /* ProjectsView.swift */,
				CCB2AF392E33DA5700423DEB /* NewExerciseView.swift */,
				CC62A46D2DDF85530092D76E /* ExerciseCell.swift */,
				CC62A46F2DDF85A50092D76E /* ProjectContentView.swift */,
				CC62A4712DDF86350092D76E /* ProjectTaskDetailView.swift */,
				CC62A4832DF45B1F0092D76E /* CalendarView.swift */,
				CC40CE062DEC902E00001C7E /* TaskDetailPage.swift */,
				CCB2AF412E342F9500423DEB /* NewTaskView.swift */,
				CCB2AF432E34301900423DEB /* TagChoice.swift */,
				CCB2AF452E34306A00423DEB /* RepeatDaysChoice.swift */,
			);
			path = ProjectsView;
			sourceTree = "<group>";
		};
		CC62A46A2DDF81B30092D76E /* Models */ = {
			isa = PBXGroup;
			children = (
				CC62A46B2DDF81D40092D76E /* Project.swift */,
				CC62A4812DF45B1F0092D76E /* StopwatchData.swift */,
				CC40CE0A2E29411800001C7E /* Settings.swift */,
			);
			path = Models;
			sourceTree = "<group>";
		};
		CCB2AF472E34EC3D00423DEB /* Frameworks */ = {
			isa = PBXGroup;
			children = (
			);
			name = Frameworks;
			sourceTree = "<group>";
		};
/* End PBXGroup section */

/* Begin PBXNativeTarget section */
		CC62A4382DD522D40092D76E /* iTrackWorkOut-1 */ = {
			isa = PBXNativeTarget;
			buildConfigurationList = CC62A4472DD522D60092D76E /* Build configuration list for PBXNativeTarget "iTrackWorkOut-1" */;
			buildPhases = (
				CC62A4352DD522D40092D76E /* Sources */,
				CC62A4362DD522D40092D76E /* Frameworks */,
				CC62A4372DD522D40092D76E /* Resources */,
			);
			buildRules = (
			);
			dependencies = (
			);
			name = "iTrackWorkOut-1";
			packageProductDependencies = (
				CC62A44B2DD524940092D76E /* FirebaseAnalytics */,
				CC62A44D2DD524940092D76E /* FirebaseAuth */,
				CC62A44F2DD524940092D76E /* FirebaseFirestore */,
				CC62A45F2DD8E2AF0092D76E /* GoogleSignIn */,
				CC62A4612DD8E2AF0092D76E /* GoogleSignInSwift */,
				CCB2AF482E34EC3D00423DEB /* FirebaseFirestoreSwift */,
			);
			productName = "iTrackWorkOut-1";
			productReference = CC62A4392DD522D40092D76E /* iTrackWorkOut-1.app */;
			productType = "com.apple.product-type.application";
		};
/* End PBXNativeTarget section */

/* Begin PBXProject section */
		CC62A4312DD522D40092D76E /* Project object */ = {
			isa = PBXProject;
			attributes = {
				BuildIndependentTargetsInParallel = 1;
				LastSwiftUpdateCheck = 1530;
				LastUpgradeCheck = 1530;
				TargetAttributes = {
					CC62A4382DD522D40092D76E = {
						CreatedOnToolsVersion = 15.3;
					};
				};
			};
			buildConfigurationList = CC62A4342DD522D40092D76E /* Build configuration list for PBXProject "iTrackWorkOut-1" */;
			compatibilityVersion = "Xcode 14.0";
			developmentRegion = en;
			hasScannedForEncodings = 0;
			knownRegions = (
				en,
				Base,
			);
			mainGroup = CC62A4302DD522D40092D76E;
			packageReferences = (
				CC62A44A2DD524940092D76E /* XCRemoteSwiftPackageReference "firebase-ios-sdk" */,
				CC62A45E2DD8E2AF0092D76E /* XCRemoteSwiftPackageReference "GoogleSignIn-iOS" */,
			);
			productRefGroup = CC62A43A2DD522D40092D76E /* Products */;
			projectDirPath = "";
			projectRoot = "";
			targets = (
				CC62A4382DD522D40092D76E /* iTrackWorkOut-1 */,
			);
		};
/* End PBXProject section */

/* Begin PBXResourcesBuildPhase section */
		CC62A4372DD522D40092D76E /* Resources */ = {
			isa = PBXResourcesBuildPhase;
			buildActionMask = 2147483647;
			files = (
				CC62A4442DD522D60092D76E /* Preview Assets.xcassets in Resources */,
				CC62A4782DEB3B700092D76E /* GoogleService-Info.plist in Resources */,
				CC62A4412DD522D60092D76E /* Assets.xcassets in Resources */,
			);
			runOnlyForDeploymentPostprocessing = 0;
		};
/* End PBXResourcesBuildPhase section */

/* Begin PBXSourcesBuildPhase section */
		CC62A4352DD522D40092D76E /* Sources */ = {
			isa = PBXSourcesBuildPhase;
			buildActionMask = 2147483647;
			files = (
				CC40CE072DEC902E00001C7E /* TaskDetailPage.swift in Sources */,
				CCB2AF442E34301900423DEB /* TagChoice.swift in Sources */,
				CC62A4762DEB37EC0092D76E /* SignInView.swift in Sources */,
				CCB2AF422E342F9500423DEB /* NewTaskView.swift in Sources */,
				CC62A4702DDF85A50092D76E /* ProjectContentView.swift in Sources */,
				CC62A4842DF45B1F0092D76E /* CalendarView.swift in Sources */,
				CC62A4692DDE37A60092D76E /* ProjectsView.swift in Sources */,
				CC40CE092DEC95C700001C7E /* MockDataService.swift in Sources */,
				CC62A4722DDF86350092D76E /* ProjectTaskDetailView.swift in Sources */,
				CC62A4822DF45B1F0092D76E /* StopwatchData.swift in Sources */,
				CC62A45D2DD8DF090092D76E /* AuthService.swift in Sources */,
				CC40CE0D2E29436B00001C7E /* SettingsView.swift in Sources */,
				CCB2AF3A2E33DA5700423DEB /* NewExerciseView.swift in Sources */,
				CC40CE0B2E29411800001C7E /* Settings.swift in Sources */,
				CC62A43F2DD522D40092D76E /* ContentView.swift in Sources */,
				CC62A43D2DD522D40092D76E /* iTrackWorkOutApp.swift in Sources */,
				CC62A4802DF459320092D76E /* Stopwatch.swift in Sources */,
				CC62A46E2DDF85530092D76E /* ExerciseCell.swift in Sources */,
				CCB2AF462E34306A00423DEB /* RepeatDaysChoice.swift in Sources */,
				CC62A46C2DDF81D50092D76E /* Project.swift in Sources */,
			);
			runOnlyForDeploymentPostprocessing = 0;
		};
/* End PBXSourcesBuildPhase section */

/* Begin XCBuildConfiguration section */
		CC62A4452DD522D60092D76E /* Debug */ = {
			isa = XCBuildConfiguration;
			buildSettings = {
				ALWAYS_SEARCH_USER_PATHS = NO;
				ASSETCATALOG_COMPILER_GENERATE_SWIFT_ASSET_SYMBOL_EXTENSIONS = YES;
				CLANG_ANALYZER_NONNULL = YES;
				CLANG_ANALYZER_NUMBER_OBJECT_CONVERSION = YES_AGGRESSIVE;
				CLANG_CXX_LANGUAGE_STANDARD = "gnu++20";
				CLANG_ENABLE_MODULES = YES;
				CLANG_ENABLE_OBJC_ARC = YES;
				CLANG_ENABLE_OBJC_WEAK = YES;
				CLANG_WARN_BLOCK_CAPTURE_AUTORELEASING = YES;
				CLANG_WARN_BOOL_CONVERSION = YES;
				CLANG_WARN_COMMA = YES;
				CLANG_WARN_CONSTANT_CONVERSION = YES;
				CLANG_WARN_DEPRECATED_OBJC_IMPLEMENTATIONS = YES;
				CLANG_WARN_DIRECT_OBJC_ISA_USAGE = YES_ERROR;
				CLANG_WARN_DOCUMENTATION_COMMENTS = YES;
				CLANG_WARN_EMPTY_BODY = YES;
				CLANG_WARN_ENUM_CONVERSION = YES;
				CLANG_WARN_INFINITE_RECURSION = YES;
				CLANG_WARN_INT_CONVERSION = YES;
				CLANG_WARN_NON_LITERAL_NULL_CONVERSION = YES;
				CLANG_WARN_OBJC_IMPLICIT_RETAIN_SELF = YES;
				CLANG_WARN_OBJC_LITERAL_CONVERSION = YES;
				CLANG_WARN_OBJC_ROOT_CLASS = YES_ERROR;
				CLANG_WARN_QUOTED_INCLUDE_IN_FRAMEWORK_HEADER = YES;
				CLANG_WARN_RANGE_LOOP_ANALYSIS = YES;
				CLANG_WARN_STRICT_PROTOTYPES = YES;
				CLANG_WARN_SUSPICIOUS_MOVE = YES;
				CLANG_WARN_UNGUARDED_AVAILABILITY = YES_AGGRESSIVE;
				CLANG_WARN_UNREACHABLE_CODE = YES;
				CLANG_WARN__DUPLICATE_METHOD_MATCH = YES;
				COPY_PHASE_STRIP = NO;
				DEBUG_INFORMATION_FORMAT = dwarf;
				ENABLE_STRICT_OBJC_MSGSEND = YES;
				ENABLE_TESTABILITY = YES;
				ENABLE_USER_SCRIPT_SANDBOXING = YES;
				GCC_C_LANGUAGE_STANDARD = gnu17;
				GCC_DYNAMIC_NO_PIC = NO;
				GCC_NO_COMMON_BLOCKS = YES;
				GCC_OPTIMIZATION_LEVEL = 0;
				GCC_PREPROCESSOR_DEFINITIONS = (
					"DEBUG=1",
					"$(inherited)",
				);
				GCC_WARN_64_TO_32_BIT_CONVERSION = YES;
				GCC_WARN_ABOUT_RETURN_TYPE = YES_ERROR;
				GCC_WARN_UNDECLARED_SELECTOR = YES;
				GCC_WARN_UNINITIALIZED_AUTOS = YES_AGGRESSIVE;
				GCC_WARN_UNUSED_FUNCTION = YES;
				GCC_WARN_UNUSED_VARIABLE = YES;
				IPHONEOS_DEPLOYMENT_TARGET = 17.4;
				LOCALIZATION_PREFERS_STRING_CATALOGS = YES;
				MTL_ENABLE_DEBUG_INFO = INCLUDE_SOURCE;
				MTL_FAST_MATH = YES;
				ONLY_ACTIVE_ARCH = YES;
				SDKROOT = iphoneos;
				SWIFT_ACTIVE_COMPILATION_CONDITIONS = "DEBUG $(inherited)";
				SWIFT_OPTIMIZATION_LEVEL = "-Onone";
			};
			name = Debug;
		};
		CC62A4462DD522D60092D76E /* Release */ = {
			isa = XCBuildConfiguration;
			buildSettings = {
				ALWAYS_SEARCH_USER_PATHS = NO;
				ASSETCATALOG_COMPILER_GENERATE_SWIFT_ASSET_SYMBOL_EXTENSIONS = YES;
				CLANG_ANALYZER_NONNULL = YES;
				CLANG_ANALYZER_NUMBER_OBJECT_CONVERSION = YES_AGGRESSIVE;
				CLANG_CXX_LANGUAGE_STANDARD = "gnu++20";
				CLANG_ENABLE_MODULES = YES;
				CLANG_ENABLE_OBJC_ARC = YES;
				CLANG_ENABLE_OBJC_WEAK = YES;
				CLANG_WARN_BLOCK_CAPTURE_AUTORELEASING = YES;
				CLANG_WARN_BOOL_CONVERSION = YES;
				CLANG_WARN_COMMA = YES;
				CLANG_WARN_CONSTANT_CONVERSION = YES;
				CLANG_WARN_DEPRECATED_OBJC_IMPLEMENTATIONS = YES;
				CLANG_WARN_DIRECT_OBJC_ISA_USAGE = YES_ERROR;
				CLANG_WARN_DOCUMENTATION_COMMENTS = YES;
				CLANG_WARN_EMPTY_BODY = YES;
				CLANG_WARN_ENUM_CONVERSION = YES;
				CLANG_WARN_INFINITE_RECURSION = YES;
				CLANG_WARN_INT_CONVERSION = YES;
				CLANG_WARN_NON_LITERAL_NULL_CONVERSION = YES;
				CLANG_WARN_OBJC_IMPLICIT_RETAIN_SELF = YES;
				CLANG_WARN_OBJC_LITERAL_CONVERSION = YES;
				CLANG_WARN_OBJC_ROOT_CLASS = YES_ERROR;
				CLANG_WARN_QUOTED_INCLUDE_IN_FRAMEWORK_HEADER = YES;
				CLANG_WARN_RANGE_LOOP_ANALYSIS = YES;
				CLANG_WARN_STRICT_PROTOTYPES = YES;
				CLANG_WARN_SUSPICIOUS_MOVE = YES;
				CLANG_WARN_UNGUARDED_AVAILABILITY = YES_AGGRESSIVE;
				CLANG_WARN_UNREACHABLE_CODE = YES;
				CLANG_WARN__DUPLICATE_METHOD_MATCH = YES;
				COPY_PHASE_STRIP = NO;
				DEBUG_INFORMATION_FORMAT = "dwarf-with-dsym";
				ENABLE_NS_ASSERTIONS = NO;
				ENABLE_STRICT_OBJC_MSGSEND = YES;
				ENABLE_USER_SCRIPT_SANDBOXING = YES;
				GCC_C_LANGUAGE_STANDARD = gnu17;
				GCC_NO_COMMON_BLOCKS = YES;
				GCC_WARN_64_TO_32_BIT_CONVERSION = YES;
				GCC_WARN_ABOUT_RETURN_TYPE = YES_ERROR;
				GCC_WARN_UNDECLARED_SELECTOR = YES;
				GCC_WARN_UNINITIALIZED_AUTOS = YES_AGGRESSIVE;
				GCC_WARN_UNUSED_FUNCTION = YES;
				GCC_WARN_UNUSED_VARIABLE = YES;
				IPHONEOS_DEPLOYMENT_TARGET = 17.4;
				LOCALIZATION_PREFERS_STRING_CATALOGS = YES;
				MTL_ENABLE_DEBUG_INFO = NO;
				MTL_FAST_MATH = YES;
				SDKROOT = iphoneos;
				SWIFT_COMPILATION_MODE = wholemodule;
				VALIDATE_PRODUCT = YES;
			};
			name = Release;
		};
		CC62A4482DD522D60092D76E /* Debug */ = {
			isa = XCBuildConfiguration;
			buildSettings = {
				ASSETCATALOG_COMPILER_APPICON_NAME = AppIcon;
				ASSETCATALOG_COMPILER_GLOBAL_ACCENT_COLOR_NAME = AccentColor;
				CODE_SIGN_STYLE = Automatic;
				CURRENT_PROJECT_VERSION = 1;
				DEVELOPMENT_ASSET_PATHS = "\"iTrackWorkOut-1/Preview Content\"";
				ENABLE_PREVIEWS = YES;
				GENERATE_INFOPLIST_FILE = YES;
				INFOPLIST_FILE = "iTrackWorkOut-1/Info.plist";
				INFOPLIST_KEY_UIApplicationSceneManifest_Generation = YES;
				INFOPLIST_KEY_UIApplicationSupportsIndirectInputEvents = YES;
				INFOPLIST_KEY_UILaunchScreen_Generation = YES;
				INFOPLIST_KEY_UISupportedInterfaceOrientations_iPad = "UIInterfaceOrientationPortrait UIInterfaceOrientationPortraitUpsideDown UIInterfaceOrientationLandscapeLeft UIInterfaceOrientationLandscapeRight";
				INFOPLIST_KEY_UISupportedInterfaceOrientations_iPhone = "UIInterfaceOrientationPortrait UIInterfaceOrientationLandscapeLeft UIInterfaceOrientationLandscapeRight";
				IPHONEOS_DEPLOYMENT_TARGET = 17.4;
				LD_RUNPATH_SEARCH_PATHS = (
					"$(inherited)",
					"@executable_path/Frameworks",
				);
				MARKETING_VERSION = 1.0;
				PRODUCT_BUNDLE_IDENTIFIER = com.etsir.iTrackWorkOut;
				PRODUCT_NAME = "$(TARGET_NAME)";
				SWIFT_EMIT_LOC_STRINGS = YES;
				SWIFT_VERSION = 5.0;
				TARGETED_DEVICE_FAMILY = "1,2";
			};
			name = Debug;
		};
		CC62A4492DD522D60092D76E /* Release */ = {
			isa = XCBuildConfiguration;
			buildSettings = {
				ASSETCATALOG_COMPILER_APPICON_NAME = AppIcon;
				ASSETCATALOG_COMPILER_GLOBAL_ACCENT_COLOR_NAME = AccentColor;
				CODE_SIGN_STYLE = Automatic;
				CURRENT_PROJECT_VERSION = 1;
				DEVELOPMENT_ASSET_PATHS = "\"iTrackWorkOut-1/Preview Content\"";
				ENABLE_PREVIEWS = YES;
				GENERATE_INFOPLIST_FILE = YES;
				INFOPLIST_FILE = "iTrackWorkOut-1/Info.plist";
				INFOPLIST_KEY_UIApplicationSceneManifest_Generation = YES;
				INFOPLIST_KEY_UIApplicationSupportsIndirectInputEvents = YES;
				INFOPLIST_KEY_UILaunchScreen_Generation = YES;
				INFOPLIST_KEY_UISupportedInterfaceOrientations_iPad = "UIInterfaceOrientationPortrait UIInterfaceOrientationPortraitUpsideDown UIInterfaceOrientationLandscapeLeft UIInterfaceOrientationLandscapeRight";
				INFOPLIST_KEY_UISupportedInterfaceOrientations_iPhone = "UIInterfaceOrientationPortrait UIInterfaceOrientationLandscapeLeft UIInterfaceOrientationLandscapeRight";
				IPHONEOS_DEPLOYMENT_TARGET = 17.4;
				LD_RUNPATH_SEARCH_PATHS = (
					"$(inherited)",
					"@executable_path/Frameworks",
				);
				MARKETING_VERSION = 1.0;
				PRODUCT_BUNDLE_IDENTIFIER = com.etsir.iTrackWorkOut;
				PRODUCT_NAME = "$(TARGET_NAME)";
				SWIFT_EMIT_LOC_STRINGS = YES;
				SWIFT_VERSION = 5.0;
				TARGETED_DEVICE_FAMILY = "1,2";
			};
			name = Release;
		};
/* End XCBuildConfiguration section */

/* Begin XCConfigurationList section */
		CC62A4342DD522D40092D76E /* Build configuration list for PBXProject "iTrackWorkOut-1" */ = {
			isa = XCConfigurationList;
			buildConfigurations = (
				CC62A4452DD522D60092D76E /* Debug */,
				CC62A4462DD522D60092D76E /* Release */,
			);
			defaultConfigurationIsVisible = 0;
			defaultConfigurationName = Release;
		};
		CC62A4472DD522D60092D76E /* Build configuration list for PBXNativeTarget "iTrackWorkOut-1" */ = {
			isa = XCConfigurationList;
			buildConfigurations = (
				CC62A4482DD522D60092D76E /* Debug */,
				CC62A4492DD522D60092D76E /* Release */,
			);
			defaultConfigurationIsVisible = 0;
			defaultConfigurationName = Release;
		};
/* End XCConfigurationList section */

/* Begin XCRemoteSwiftPackageReference section */
		CC62A44A2DD524940092D76E /* XCRemoteSwiftPackageReference "firebase-ios-sdk" */ = {
			isa = XCRemoteSwiftPackageReference;
			repositoryURL = "https://github.com/firebase/firebase-ios-sdk";
			requirement = {
				kind = upToNextMajorVersion;
				minimumVersion = 10.21.0;
			};
		};
		CC62A45E2DD8E2AF0092D76E /* XCRemoteSwiftPackageReference "GoogleSignIn-iOS" */ = {
			isa = XCRemoteSwiftPackageReference;
			repositoryURL = "https://github.com/google/GoogleSignIn-iOS";
			requirement = {
				kind = upToNextMajorVersion;
				minimumVersion = 6.2.4;
			};
		};
/* End XCRemoteSwiftPackageReference section */

/* Begin XCSwiftPackageProductDependency section */
		CC62A44B2DD524940092D76E /* FirebaseAnalytics */ = {
			isa = XCSwiftPackageProductDependency;
			package = CC62A44A2DD524940092D76E /* XCRemoteSwiftPackageReference "firebase-ios-sdk" */;
			productName = FirebaseAnalytics;
		};
		CC62A44D2DD524940092D76E /* FirebaseAuth */ = {
			isa = XCSwiftPackageProductDependency;
			package = CC62A44A2DD524940092D76E /* XCRemoteSwiftPackageReference "firebase-ios-sdk" */;
			productName = FirebaseAuth;
		};
		CC62A44F2DD524940092D76E /* FirebaseFirestore */ = {
			isa = XCSwiftPackageProductDependency;
			package = CC62A44A2DD524940092D76E /* XCRemoteSwiftPackageReference "firebase-ios-sdk" */;
			productName = FirebaseFirestore;
		};
		CC62A45F2DD8E2AF0092D76E /* GoogleSignIn */ = {
			isa = XCSwiftPackageProductDependency;
			package = CC62A45E2DD8E2AF0092D76E /* XCRemoteSwiftPackageReference "GoogleSignIn-iOS" */;
			productName = GoogleSignIn;
		};
		CC62A4612DD8E2AF0092D76E /* GoogleSignInSwift */ = {
			isa = XCSwiftPackageProductDependency;
			package = CC62A45E2DD8E2AF0092D76E /* XCRemoteSwiftPackageReference "GoogleSignIn-iOS" */;
			productName = GoogleSignInSwift;
		};
		CCB2AF482E34EC3D00423DEB /* FirebaseFirestoreSwift */ = {
			isa = XCSwiftPackageProductDependency;
			package = CC62A44A2DD524940092D76E /* XCRemoteSwiftPackageReference "firebase-ios-sdk" */;
			productName = FirebaseFirestoreSwift;
		};
/* End XCSwiftPackageProductDependency section */
	};
	rootObject = CC62A4312DD522D40092D76E /* Project object */;
}
